{
  "name": "wetransfer_front-zip_2025-04-03_1227",
  "lockfileVersion": 2,
  "requires": true,
  "packages": {
    "": {
      "dependencies": {
        "@primeng/themes": "^19.0.10",
        "primeicons": "^7.0.0",
        "primeng": "^19.0.10"
      }
    },
    "node_modules/@angular/animations": {
      "version": "19.2.6",
      "resolved": "https://registry.npmjs.org/@angular/animations/-/animations-19.2.6.tgz",
      "integrity": "sha512-0Ei7pKXpq0eoijakRB+TQCh2EB02ReYUzRkhdw5kbQLOlTftBWWnMNn2qRfKU6cra+RyRXU8c34ZkEw6K7hZAw==",
      "peer": true,
      "dependencies": {
        "tslib": "^2.3.0"
      },
      "engines": {
        "node": "^18.19.1 || ^20.11.1 || >=22.0.0"
      },
      "peerDependencies": {
        "@angular/common": "19.2.6",
        "@angular/core": "19.2.6"
      }
    },
    "node_modules/@angular/cdk": {
      "version": "19.2.9",
      "resolved": "https://registry.npmjs.org/@angular/cdk/-/cdk-19.2.9.tgz",
      "integrity": "sha512-4If3BjWQPwW/xqRUCL7Mx0dHS0SuZY7Tq/Ocf7liwYTYCmSv8Ew7NqaiPA4RS3FnyUJcZW/UAd231uWI/ZHChg==",
      "peer": true,
      "dependencies": {
        "parse5": "^7.1.2",
        "tslib": "^2.3.0"
      },
      "peerDependencies": {
        "@angular/common": "^19.0.0 || ^20.0.0",
        "@angular/core": "^19.0.0 || ^20.0.0",
        "rxjs": "^6.5.3 || ^7.4.0"
      }
    },
    "node_modules/@angular/common": {
      "version": "19.2.6",
      "resolved": "https://registry.npmjs.org/@angular/common/-/common-19.2.6.tgz",
      "integrity": "sha512-kqqjLwDUTpAv4m39AvlDFJhrxmBqblgzvXLm82F8UQ+505aleYpq/8P3tcfgJCRSCWZ1HXWki+JPHkdnHvhy0A==",
      "peer": true,
      "dependencies": {
        "tslib": "^2.3.0"
      },
      "engines": {
        "node": "^18.19.1 || ^20.11.1 || >=22.0.0"
      },
      "peerDependencies": {
        "@angular/core": "19.2.6",
        "rxjs": "^6.5.3 || ^7.4.0"
      }
    },
    "node_modules/@angular/core": {
      "version": "19.2.6",
      "resolved": "https://registry.npmjs.org/@angular/core/-/core-19.2.6.tgz",
      "integrity": "sha512-tmtdONYMg3PvhuCUlTHX17P7MZTLrbDNWpiTyZNRGDbRzQqc5fxK8IrZJXm7TWxx8imDrBZn+wvwCYNDmMD81g==",
      "peer": true,
      "dependencies": {
        "tslib": "^2.3.0"
      },
      "engines": {
        "node": "^18.19.1 || ^20.11.1 || >=22.0.0"
      },
      "peerDependencies": {
        "rxjs": "^6.5.3 || ^7.4.0",
        "zone.js": "~0.15.0"
      }
    },
    "node_modules/@angular/forms": {
      "version": "19.2.6",
      "resolved": "https://registry.npmjs.org/@angular/forms/-/forms-19.2.6.tgz",
      "integrity": "sha512-cacGuc8MXe0Am3dEaDvGYrUwUTGBWecWIA1xpGXWj7mjwLf+FhLFIPc6LfLgiQyGGAYaRjyEaZ3HGTqefuI8lQ==",
      "peer": true,
      "dependencies": {
        "tslib": "^2.3.0"
      },
      "engines": {
        "node": "^18.19.1 || ^20.11.1 || >=22.0.0"
      },
      "peerDependencies": {
        "@angular/common": "19.2.6",
        "@angular/core": "19.2.6",
        "@angular/platform-browser": "19.2.6",
        "rxjs": "^6.5.3 || ^7.4.0"
      }
    },
    "node_modules/@angular/platform-browser": {
      "version": "19.2.6",
      "resolved": "https://registry.npmjs.org/@angular/platform-browser/-/platform-browser-19.2.6.tgz",
      "integrity": "sha512-FfI642EbUU4RPu+zg2kPvlLCREhwzStgXFr7K4hfwCP+K9FPtgkY1Luw01mhqwySHfzj0oU0C1njZIBX66JBmw==",
      "peer": true,
      "dependencies": {
        "tslib": "^2.3.0"
      },
      "engines": {
        "node": "^18.19.1 || ^20.11.1 || >=22.0.0"
      },
      "peerDependencies": {
        "@angular/animations": "19.2.6",
        "@angular/common": "19.2.6",
        "@angular/core": "19.2.6"
      },
      "peerDependenciesMeta": {
        "@angular/animations": {
          "optional": true
        }
      }
    },
    "node_modules/@angular/router": {
      "version": "19.2.6",
      "resolved": "https://registry.npmjs.org/@angular/router/-/router-19.2.6.tgz",
      "integrity": "sha512-8GqQinEd2Merh1RrUwmPW0EI/1CSwTL6F1xo4tAidqGBIIS22XyjtRb4mGkhhG2a8e7lEnrbl72RmuTjgThmeA==",
      "peer": true,
      "dependencies": {
        "tslib": "^2.3.0"
      },
      "engines": {
        "node": "^18.19.1 || ^20.11.1 || >=22.0.0"
      },
      "peerDependencies": {
        "@angular/common": "19.2.6",
        "@angular/core": "19.2.6",
        "@angular/platform-browser": "19.2.6",
        "rxjs": "^6.5.3 || ^7.4.0"
      }
    },
    "node_modules/@primeng/themes": {
      "version": "19.0.10",
      "resolved": "https://registry.npmjs.org/@primeng/themes/-/themes-19.0.10.tgz",
      "integrity": "sha512-2sQsl46q3720lbropItBh8WjK98itFlG4clBO36B/QDxv9Ic/7DLGxJCvKdMQP0bcVSX/y+99HwPu0JNNNkkoA==",
      "dependencies": {
        "@primeuix/styled": "^0.3.2"
      }
    },
    "node_modules/@primeuix/styled": {
      "version": "0.3.2",
      "resolved": "https://registry.npmjs.org/@primeuix/styled/-/styled-0.3.2.tgz",
      "integrity": "sha512-ColZes0+/WKqH4ob2x8DyNYf1NENpe5ZguOvx5yCLxaP8EIMVhLjWLO/3umJiDnQU4XXMLkn2mMHHw+fhTX/mw==",
      "dependencies": {
        "@primeuix/utils": "^0.3.2"
      },
      "engines": {
        "node": ">=12.11.0"
      }
    },
    "node_modules/@primeuix/utils": {
      "version": "0.3.2",
      "resolved": "https://registry.npmjs.org/@primeuix/utils/-/utils-0.3.2.tgz",
      "integrity": "sha512-B+nphqTQeq+i6JuICLdVWnDMjONome2sNz0xI65qIOyeB4EF12CoKRiCsxuZ5uKAkHi/0d1LqlQ9mIWRSdkavw==",
      "engines": {
        "node": ">=12.11.0"
      }
    },
    "node_modules/entities": {
      "version": "4.5.0",
      "resolved": "https://registry.npmjs.org/entities/-/entities-4.5.0.tgz",
      "integrity": "sha512-V0hjH4dGPh9Ao5p0MoRY6BVqtwCjhz6vI5LT8AJ55H+4g9/4vbHx1I54fS0XuclLhDHArPQCiMjDxjaL8fPxhw==",
      "peer": true,
      "engines": {
        "node": ">=0.12"
      },
      "funding": {
        "url": "https://github.com/fb55/entities?sponsor=1"
      }
    },
    "node_modules/parse5": {
      "version": "7.2.1",
      "resolved": "https://registry.npmjs.org/parse5/-/parse5-7.2.1.tgz",
      "integrity": "sha512-BuBYQYlv1ckiPdQi/ohiivi9Sagc9JG+Ozs0r7b/0iK3sKmrb0b9FdWdBbOdx6hBCM/F9Ir82ofnBhtZOjCRPQ==",
      "peer": true,
      "dependencies": {
        "entities": "^4.5.0"
      },
      "funding": {
        "url": "https://github.com/inikulin/parse5?sponsor=1"
      }
    },
    "node_modules/primeicons": {
      "version": "7.0.0",
      "resolved": "https://registry.npmjs.org/primeicons/-/primeicons-7.0.0.tgz",
      "integrity": "sha512-jK3Et9UzwzTsd6tzl2RmwrVY/b8raJ3QZLzoDACj+oTJ0oX7L9Hy+XnVwgo4QVKlKpnP/Ur13SXV/pVh4LzaDw=="
    },
    "node_modules/primeng": {
      "version": "19.0.10",
      "resolved": "https://registry.npmjs.org/primeng/-/primeng-19.0.10.tgz",
      "integrity": "sha512-pVvywU6WoDtS6cwyGm5wyHp/RPqsqtTL3Z6eNgwsP7wMRpNYxVQB2W5ewF64byP8bqFqRQMWY2ZPj0lDeTQ/sA==",
      "dependencies": {
        "@primeuix/styled": "^0.3.2",
        "@primeuix/utils": "^0.3.2",
        "tslib": "^2.3.0"
      },
      "peerDependencies": {
        "@angular/animations": "^19.0.0",
        "@angular/cdk": "^19.0.0",
        "@angular/common": "^19.0.0",
        "@angular/core": "^19.0.0",
        "@angular/forms": "^19.0.0",
        "@angular/platform-browser": "^19.0.0",
        "@angular/router": "^19.0.0",
        "rxjs": "^6.0.0 || ^7.8.1"
      }
    },
    "node_modules/rxjs": {
      "version": "7.8.2",
      "resolved": "https://registry.npmjs.org/rxjs/-/rxjs-7.8.2.tgz",
      "integrity": "sha512-dhKf903U/PQZY6boNNtAGdWbG85WAbjT/1xYoZIC7FAY0yWapOBQVsVrDl58W86//e1VpMNBtRV4MaXfdMySFA==",
      "peer": true,
      "dependencies": {
        "tslib": "^2.1.0"
      }
    },
    "node_modules/tslib": {
      "version": "2.8.1",
      "resolved": "https://registry.npmjs.org/tslib/-/tslib-2.8.1.tgz",
      "integrity": "sha512-oJFu94HQb+KVduSUQL7wnpmqnfmLsOA/nAh6b6EH0wCEoK0/mPeXU6c3wKDV83MkOuHPRHtSXKKU99IBazS/2w=="
    },
    "node_modules/zone.js": {
      "version": "0.15.0",
      "resolved": "https://registry.npmjs.org/zone.js/-/zone.js-0.15.0.tgz",
      "integrity": "sha512-9oxn0IIjbCZkJ67L+LkhYWRyAy7axphb3VgE2MBDlOqnmHMPWGYMxJxBYFueFq/JGY2GMwS0rU+UCLunEmy5UA==",
      "peer": true
    }
  },
  "dependencies": {
    "@angular/animations": {
      "version": "19.2.6",
      "resolved": "https://registry.npmjs.org/@angular/animations/-/animations-19.2.6.tgz",
      "integrity": "sha512-0Ei7pKXpq0eoijakRB+TQCh2EB02ReYUzRkhdw5kbQLOlTftBWWnMNn2qRfKU6cra+RyRXU8c34ZkEw6K7hZAw==",
      "peer": true,
      "requires": {
        "tslib": "^2.3.0"
      }
    },
    "@angular/cdk": {
      "version": "19.2.9",
      "resolved": "https://registry.npmjs.org/@angular/cdk/-/cdk-19.2.9.tgz",
      "integrity": "sha512-4If3BjWQPwW/xqRUCL7Mx0dHS0SuZY7Tq/Ocf7liwYTYCmSv8Ew7NqaiPA4RS3FnyUJcZW/UAd231uWI/ZHChg==",
      "peer": true,
      "requires": {
        "parse5": "^7.1.2",
        "tslib": "^2.3.0"
      }
    },
    "@angular/common": {
      "version": "19.2.6",
      "resolved": "https://registry.npmjs.org/@angular/common/-/common-19.2.6.tgz",
      "integrity": "sha512-kqqjLwDUTpAv4m39AvlDFJhrxmBqblgzvXLm82F8UQ+505aleYpq/8P3tcfgJCRSCWZ1HXWki+JPHkdnHvhy0A==",
      "peer": true,
      "requires": {
        "tslib": "^2.3.0"
      }
    },
    "@angular/core": {
      "version": "19.2.6",
      "resolved": "https://registry.npmjs.org/@angular/core/-/core-19.2.6.tgz",
      "integrity": "sha512-tmtdONYMg3PvhuCUlTHX17P7MZTLrbDNWpiTyZNRGDbRzQqc5fxK8IrZJXm7TWxx8imDrBZn+wvwCYNDmMD81g==",
      "peer": true,
      "requires": {
        "tslib": "^2.3.0"
      }
    },
    "@angular/forms": {
      "version": "19.2.6",
      "resolved": "https://registry.npmjs.org/@angular/forms/-/forms-19.2.6.tgz",
      "integrity": "sha512-cacGuc8MXe0Am3dEaDvGYrUwUTGBWecWIA1xpGXWj7mjwLf+FhLFIPc6LfLgiQyGGAYaRjyEaZ3HGTqefuI8lQ==",
      "peer": true,
      "requires": {
        "tslib": "^2.3.0"
      }
    },
    "@angular/platform-browser": {
      "version": "19.2.6",
      "resolved": "https://registry.npmjs.org/@angular/platform-browser/-/platform-browser-19.2.6.tgz",
      "integrity": "sha512-FfI642EbUU4RPu+zg2kPvlLCREhwzStgXFr7K4hfwCP+K9FPtgkY1Luw01mhqwySHfzj0oU0C1njZIBX66JBmw==",
      "peer": true,
      "requires": {
        "tslib": "^2.3.0"
      }
    },
    "@angular/router": {
      "version": "19.2.6",
      "resolved": "https://registry.npmjs.org/@angular/router/-/router-19.2.6.tgz",
      "integrity": "sha512-8GqQinEd2Merh1RrUwmPW0EI/1CSwTL6F1xo4tAidqGBIIS22XyjtRb4mGkhhG2a8e7lEnrbl72RmuTjgThmeA==",
      "peer": true,
      "requires": {
        "tslib": "^2.3.0"
      }
    },
    "@primeng/themes": {
      "version": "19.0.10",
      "resolved": "https://registry.npmjs.org/@primeng/themes/-/themes-19.0.10.tgz",
      "integrity": "sha512-2sQsl46q3720lbropItBh8WjK98itFlG4clBO36B/QDxv9Ic/7DLGxJCvKdMQP0bcVSX/y+99HwPu0JNNNkkoA==",
      "requires": {
        "@primeuix/styled": "^0.3.2"
      }
    },
    "@primeuix/styled": {
      "version": "0.3.2",
      "resolved": "https://registry.npmjs.org/@primeuix/styled/-/styled-0.3.2.tgz",
      "integrity": "sha512-ColZes0+/WKqH4ob2x8DyNYf1NENpe5ZguOvx5yCLxaP8EIMVhLjWLO/3umJiDnQU4XXMLkn2mMHHw+fhTX/mw==",
      "requires": {
        "@primeuix/utils": "^0.3.2"
      }
    },
    "@primeuix/utils": {
      "version": "0.3.2",
      "resolved": "https://registry.npmjs.org/@primeuix/utils/-/utils-0.3.2.tgz",
      "integrity": "sha512-B+nphqTQeq+i6JuICLdVWnDMjONome2sNz0xI65qIOyeB4EF12CoKRiCsxuZ5uKAkHi/0d1LqlQ9mIWRSdkavw=="
    },
    "entities": {
      "version": "4.5.0",
      "resolved": "https://registry.npmjs.org/entities/-/entities-4.5.0.tgz",
      "integrity": "sha512-V0hjH4dGPh9Ao5p0MoRY6BVqtwCjhz6vI5LT8AJ55H+4g9/4vbHx1I54fS0XuclLhDHArPQCiMjDxjaL8fPxhw==",
      "peer": true
    },
    "parse5": {
      "version": "7.2.1",
      "resolved": "https://registry.npmjs.org/parse5/-/parse5-7.2.1.tgz",
      "integrity": "sha512-BuBYQYlv1ckiPdQi/ohiivi9Sagc9JG+Ozs0r7b/0iK3sKmrb0b9FdWdBbOdx6hBCM/F9Ir82ofnBhtZOjCRPQ==",
      "peer": true,
      "requires": {
        "entities": "^4.5.0"
      }
    },
    "primeicons": {
      "version": "7.0.0",
      "resolved": "https://registry.npmjs.org/primeicons/-/primeicons-7.0.0.tgz",
      "integrity": "sha512-jK3Et9UzwzTsd6tzl2RmwrVY/b8raJ3QZLzoDACj+oTJ0oX7L9Hy+XnVwgo4QVKlKpnP/Ur13SXV/pVh4LzaDw=="
    },
    "primeng": {
      "version": "19.0.10",
      "resolved": "https://registry.npmjs.org/primeng/-/primeng-19.0.10.tgz",
      "integrity": "sha512-pVvywU6WoDtS6cwyGm5wyHp/RPqsqtTL3Z6eNgwsP7wMRpNYxVQB2W5ewF64byP8bqFqRQMWY2ZPj0lDeTQ/sA==",
      "requires": {
        "@primeuix/styled": "^0.3.2",
        "@primeuix/utils": "^0.3.2",
        "tslib": "^2.3.0"
      }
    },
    "rxjs": {
      "version": "7.8.2",
      "resolved": "https://registry.npmjs.org/rxjs/-/rxjs-7.8.2.tgz",
      "integrity": "sha512-dhKf903U/PQZY6boNNtAGdWbG85WAbjT/1xYoZIC7FAY0yWapOBQVsVrDl58W86//e1VpMNBtRV4MaXfdMySFA==",
      "peer": true,
      "requires": {
        "tslib": "^2.1.0"
      }
    },
    "tslib": {
      "version": "2.8.1",
      "resolved": "https://registry.npmjs.org/tslib/-/tslib-2.8.1.tgz",
      "integrity": "sha512-oJFu94HQb+KVduSUQL7wnpmqnfmLsOA/nAh6b6EH0wCEoK0/mPeXU6c3wKDV83MkOuHPRHtSXKKU99IBazS/2w=="
    },
    "zone.js": {
      "version": "0.15.0",
      "resolved": "https://registry.npmjs.org/zone.js/-/zone.js-0.15.0.tgz",
      "integrity": "sha512-9oxn0IIjbCZkJ67L+LkhYWRyAy7axphb3VgE2MBDlOqnmHMPWGYMxJxBYFueFq/JGY2GMwS0rU+UCLunEmy5UA==",
      "peer": true
    }
  }
}
